
Microsoft Visual Studio Solution File, Format Version 12.00
# Visual Studio Version 17
VisualStudioVersion = 17.8.34316.72
MinimumVisualStudioVersion = 10.0.40219.1
Project("{FAE04EC0-301F-11D3-BF4B-00C04F79EFBC}") = "MyCAD", "MyCAD\MyCAD.csproj", "{4EBAD616-37BA-464A-91DA-781CAC6CF33E}"
EndProject
Global
	GlobalSection(SolutionConfigurationPlatforms) = preSolution
		Debug|Any CPU = Debug|Any CPU
		Release|Any CPU = Release|Any CPU
	EndGlobalSection
	GlobalSection(ProjectConfigurationPlatforms) = postSolution
		{4EBAD616-37BA-464A-91DA-781CAC6CF33E}.Debug|Any CPU.ActiveCfg = Debug|Any CPU
		{4EBAD616-37BA-464A-91DA-781CAC6CF33E}.Debug|Any CPU.Build.0 = Debug|Any CPU
		{4EBAD616-37BA-464A-91DA-781CAC6CF33E}.Release|Any CPU.ActiveCfg = Release|Any CPU
		{4EBAD616-37BA-464A-91DA-781CAC6CF33E}.Release|Any CPU.Build.0 = Release|Any CPU
	EndGlobalSection
	GlobalSection(SolutionProperties) = preSolution
		HideSolutionNode = FALSE
	EndGlobalSection
	GlobalSection(ExtensibilityGlobals) = postSolution
		SolutionGuid = {11EC6553-D568-4F92-A962-2DE313C6BE25}
	EndGlobalSection
EndGlobal
